
Microsoft Visual Studio Solution File, Format Version 12.00
# Visual Studio Version 16
VisualStudioVersion = 16.0.30611.23
MinimumVisualStudioVersion = 10.0.40219.1
Project("{2150E333-8FDC-42A3-9474-1A3956D46DE8}") = "Common", "Common", "{DC7DE24F-F83A-4B00-85B7-83DB489D13D7}"
EndProject
Project("{2150E333-8FDC-42A3-9474-1A3956D46DE8}") = "UI", "UI", "{2A941436-6B55-4594-844A-18CA35E88593}"
EndProject
Project("{2150E333-8FDC-42A3-9474-1A3956D46DE8}") = "Services", "Services", "{EE04A583-FF80-4C50-8A8C-F7EBC3C31EB4}"
EndProject
Project("{9A19103F-16F7-4668-BE54-9A1E7A4F7556}") = "WebStoreCoreApplication", "UI\WebStoreCoreApplication\WebStoreCoreApplication.csproj", "{C39B1C11-6D22-41C6-92F1-6D93A2CF9916}"
EndProject
Project("{9A19103F-16F7-4668-BE54-9A1E7A4F7556}") = "WebStoreCoreApplicatioc.DAL", "Services\WebStoreCoreApplicatioc.DAL\WebStoreCoreApplicatioc.DAL.csproj", "{AA1A18AB-870C-4DFC-8D42-E1D62A031BC8}"
EndProject
Project("{9A19103F-16F7-4668-BE54-9A1E7A4F7556}") = "WebStoreCoreApplication.Domain", "Common\WebStoreCoreApplication.Domain\WebStoreCoreApplication.Domain.csproj", "{D5EAAD78-F226-4DB5-A0AD-64ABED346354}"
EndProject
Project("{9A19103F-16F7-4668-BE54-9A1E7A4F7556}") = "WebStoreBakulin.Interfaces", "Services\WebStoreBakulin.Interfaces\WebStoreBakulin.Interfaces.csproj", "{37E3A3F8-276D-4859-89AA-710CED5C46E5}"
EndProject
Project("{9A19103F-16F7-4668-BE54-9A1E7A4F7556}") = "WebStoreBakulin.Services", "Services\WebStoreBakulin.Services\WebStoreBakulin.Services.csproj", "{B1C11F8A-75B3-479E-B563-A2DA5E3C1E2A}"
EndProject
Project("{9A19103F-16F7-4668-BE54-9A1E7A4F7556}") = "WebStoreBakulin.ServiceHosting", "Services\WebStoreBakulin.ServiceHosting\WebStoreBakulin.ServiceHosting.csproj", "{7A430186-0704-4AA1-9C09-FBB4389C0B45}"
EndProject
Project("{FAE04EC0-301F-11D3-BF4B-00C04F79EFBC}") = "WebStoreBakulin.Clients", "Services\WebStoreBakulin.Clients\WebStoreBakulin.Clients.csproj", "{6A65A51D-E056-4778-85C0-ADBEDC262186}"
EndProject
Global
	GlobalSection(SolutionConfigurationPlatforms) = preSolution
		Debug|Any CPU = Debug|Any CPU
		Release|Any CPU = Release|Any CPU
	EndGlobalSection
	GlobalSection(ProjectConfigurationPlatforms) = postSolution
		{C39B1C11-6D22-41C6-92F1-6D93A2CF9916}.Debug|Any CPU.ActiveCfg = Debug|Any CPU
		{C39B1C11-6D22-41C6-92F1-6D93A2CF9916}.Debug|Any CPU.Build.0 = Debug|Any CPU
		{C39B1C11-6D22-41C6-92F1-6D93A2CF9916}.Release|Any CPU.ActiveCfg = Release|Any CPU
		{C39B1C11-6D22-41C6-92F1-6D93A2CF9916}.Release|Any CPU.Build.0 = Release|Any CPU
		{AA1A18AB-870C-4DFC-8D42-E1D62A031BC8}.Debug|Any CPU.ActiveCfg = Debug|Any CPU
		{AA1A18AB-870C-4DFC-8D42-E1D62A031BC8}.Debug|Any CPU.Build.0 = Debug|Any CPU
		{AA1A18AB-870C-4DFC-8D42-E1D62A031BC8}.Release|Any CPU.ActiveCfg = Release|Any CPU
		{AA1A18AB-870C-4DFC-8D42-E1D62A031BC8}.Release|Any CPU.Build.0 = Release|Any CPU
		{D5EAAD78-F226-4DB5-A0AD-64ABED346354}.Debug|Any CPU.ActiveCfg = Debug|Any CPU
		{D5EAAD78-F226-4DB5-A0AD-64ABED346354}.Debug|Any CPU.Build.0 = Debug|Any CPU
		{D5EAAD78-F226-4DB5-A0AD-64ABED346354}.Release|Any CPU.ActiveCfg = Release|Any CPU
		{D5EAAD78-F226-4DB5-A0AD-64ABED346354}.Release|Any CPU.Build.0 = Release|Any CPU
		{37E3A3F8-276D-4859-89AA-710CED5C46E5}.Debug|Any CPU.ActiveCfg = Debug|Any CPU
		{37E3A3F8-276D-4859-89AA-710CED5C46E5}.Debug|Any CPU.Build.0 = Debug|Any CPU
		{37E3A3F8-276D-4859-89AA-710CED5C46E5}.Release|Any CPU.ActiveCfg = Release|Any CPU
		{37E3A3F8-276D-4859-89AA-710CED5C46E5}.Release|Any CPU.Build.0 = Release|Any CPU
		{B1C11F8A-75B3-479E-B563-A2DA5E3C1E2A}.Debug|Any CPU.ActiveCfg = Debug|Any CPU
		{B1C11F8A-75B3-479E-B563-A2DA5E3C1E2A}.Debug|Any CPU.Build.0 = Debug|Any CPU
		{B1C11F8A-75B3-479E-B563-A2DA5E3C1E2A}.Release|Any CPU.ActiveCfg = Release|Any CPU
		{B1C11F8A-75B3-479E-B563-A2DA5E3C1E2A}.Release|Any CPU.Build.0 = Release|Any CPU
		{7A430186-0704-4AA1-9C09-FBB4389C0B45}.Debug|Any CPU.ActiveCfg = Debug|Any CPU
		{7A430186-0704-4AA1-9C09-FBB4389C0B45}.Debug|Any CPU.Build.0 = Debug|Any CPU
		{7A430186-0704-4AA1-9C09-FBB4389C0B45}.Release|Any CPU.ActiveCfg = Release|Any CPU
		{7A430186-0704-4AA1-9C09-FBB4389C0B45}.Release|Any CPU.Build.0 = Release|Any CPU
		{6A65A51D-E056-4778-85C0-ADBEDC262186}.Debug|Any CPU.ActiveCfg = Debug|Any CPU
		{6A65A51D-E056-4778-85C0-ADBEDC262186}.Debug|Any CPU.Build.0 = Debug|Any CPU
		{6A65A51D-E056-4778-85C0-ADBEDC262186}.Release|Any CPU.ActiveCfg = Release|Any CPU
		{6A65A51D-E056-4778-85C0-ADBEDC262186}.Release|Any CPU.Build.0 = Release|Any CPU
	EndGlobalSection
	GlobalSection(SolutionProperties) = preSolution
		HideSolutionNode = FALSE
	EndGlobalSection
	GlobalSection(NestedProjects) = preSolution
		{C39B1C11-6D22-41C6-92F1-6D93A2CF9916} = {2A941436-6B55-4594-844A-18CA35E88593}
		{AA1A18AB-870C-4DFC-8D42-E1D62A031BC8} = {EE04A583-FF80-4C50-8A8C-F7EBC3C31EB4}
		{D5EAAD78-F226-4DB5-A0AD-64ABED346354} = {DC7DE24F-F83A-4B00-85B7-83DB489D13D7}
		{37E3A3F8-276D-4859-89AA-710CED5C46E5} = {EE04A583-FF80-4C50-8A8C-F7EBC3C31EB4}
		{B1C11F8A-75B3-479E-B563-A2DA5E3C1E2A} = {EE04A583-FF80-4C50-8A8C-F7EBC3C31EB4}
		{7A430186-0704-4AA1-9C09-FBB4389C0B45} = {EE04A583-FF80-4C50-8A8C-F7EBC3C31EB4}
		{6A65A51D-E056-4778-85C0-ADBEDC262186} = {EE04A583-FF80-4C50-8A8C-F7EBC3C31EB4}
	EndGlobalSection
	GlobalSection(ExtensibilityGlobals) = postSolution
		SolutionGuid = {147CBA86-A6C6-47A3-B240-356087ACEDF1}
	EndGlobalSection
EndGlobal
